
Microsoft Visual Studio Solution File, Format Version 12.00
# Visual Studio Version 17
VisualStudioVersion = 17.5.33627.172
MinimumVisualStudioVersion = 15.0.26124.0
Project("{9A19103F-16F7-4668-BE54-9A1E7A4F7556}") = "Festify.Promotion", "Festify.Promotion\Festify.Promotion.csproj", "{C857F4F0-682F-4F87-9517-4B87B81CC25B}"
EndProject
Project("{9A19103F-16F7-4668-BE54-9A1E7A4F7556}") = "Festify.Promotion.UnitTest", "Festify.Promotion.UnitTest\Festify.Promotion.UnitTest.csproj", "{545BDB81-D238-49D7-887F-22A1848AE6AA}"
EndProject
Project("{9A19103F-16F7-4668-BE54-9A1E7A4F7556}") = "Festify.Indexer", "Festify.Indexer\Festify.Indexer.csproj", "{77712E33-5481-4B7C-A63E-5A73D46CF09D}"
EndProject
Project("{9A19103F-16F7-4668-BE54-9A1E7A4F7556}") = "Festify.Promotion.Messages", "Festify.Promotion.Messages\Festify.Promotion.Messages.csproj", "{E63603AD-2E6E-4CDF-9B90-6F8216A4EF7D}"
EndProject
Project("{9A19103F-16F7-4668-BE54-9A1E7A4F7556}") = "Festify.Promotion.Messages.UnitTest", "Festify.Promotion.Messages.UnitTest\Festify.Promotion.Messages.UnitTest.csproj", "{2630AA38-397B-42F0-A368-560D3F51887F}"
EndProject
Project("{9A19103F-16F7-4668-BE54-9A1E7A4F7556}") = "Festify.Emailer", "Festify.Emailer\Festify.Emailer.csproj", "{FCD65874-8632-4C2E-97DF-265B08DC3497}"
EndProject
Project("{9A19103F-16F7-4668-BE54-9A1E7A4F7556}") = "Festify.Indexer.UnitTest", "Festify.Indexer.UnitTest\Festify.Indexer.UnitTest.csproj", "{7A930C25-82B8-4645-AE34-D174850C2F8D}"
EndProject
Project("{FAE04EC0-301F-11D3-BF4B-00C04F79EFBC}") = "Festify.Sales", "Festify.Sales\Festify.Sales.csproj", "{EE60EAF8-B121-46E6-A9DA-44EA6EA95062}"
EndProject
Project("{FAE04EC0-301F-11D3-BF4B-00C04F79EFBC}") = "Festify.Sales.Messages", "Festify.Sales.Messages\Festify.Sales.Messages.csproj", "{104E8680-BD85-4FE6-AD62-FCD3BD72FC42}"
EndProject
Project("{FAE04EC0-301F-11D3-BF4B-00C04F79EFBC}") = "Festify.Sales.UnitTest", "Festify.Sales.UnitTest\Festify.Sales.UnitTest.csproj", "{209FB297-E5FF-4AD1-B5F4-98FF0E6BB928}"
EndProject
Global
	GlobalSection(SolutionConfigurationPlatforms) = preSolution
		Debug|Any CPU = Debug|Any CPU
		Release|Any CPU = Release|Any CPU
	EndGlobalSection
	GlobalSection(ProjectConfigurationPlatforms) = postSolution
		{C857F4F0-682F-4F87-9517-4B87B81CC25B}.Debug|Any CPU.ActiveCfg = Debug|Any CPU
		{C857F4F0-682F-4F87-9517-4B87B81CC25B}.Debug|Any CPU.Build.0 = Debug|Any CPU
		{C857F4F0-682F-4F87-9517-4B87B81CC25B}.Release|Any CPU.ActiveCfg = Release|Any CPU
		{545BDB81-D238-49D7-887F-22A1848AE6AA}.Debug|Any CPU.ActiveCfg = Debug|Any CPU
		{545BDB81-D238-49D7-887F-22A1848AE6AA}.Debug|Any CPU.Build.0 = Debug|Any CPU
		{545BDB81-D238-49D7-887F-22A1848AE6AA}.Release|Any CPU.ActiveCfg = Release|Any CPU
		{77712E33-5481-4B7C-A63E-5A73D46CF09D}.Debug|Any CPU.ActiveCfg = Debug|Any CPU
		{77712E33-5481-4B7C-A63E-5A73D46CF09D}.Debug|Any CPU.Build.0 = Debug|Any CPU
		{77712E33-5481-4B7C-A63E-5A73D46CF09D}.Release|Any CPU.ActiveCfg = Release|Any CPU
		{77712E33-5481-4B7C-A63E-5A73D46CF09D}.Release|Any CPU.Build.0 = Release|Any CPU
		{E63603AD-2E6E-4CDF-9B90-6F8216A4EF7D}.Debug|Any CPU.ActiveCfg = Debug|Any CPU
		{E63603AD-2E6E-4CDF-9B90-6F8216A4EF7D}.Debug|Any CPU.Build.0 = Debug|Any CPU
		{E63603AD-2E6E-4CDF-9B90-6F8216A4EF7D}.Release|Any CPU.ActiveCfg = Release|Any CPU
		{E63603AD-2E6E-4CDF-9B90-6F8216A4EF7D}.Release|Any CPU.Build.0 = Release|Any CPU
		{2630AA38-397B-42F0-A368-560D3F51887F}.Debug|Any CPU.ActiveCfg = Debug|Any CPU
		{2630AA38-397B-42F0-A368-560D3F51887F}.Debug|Any CPU.Build.0 = Debug|Any CPU
		{2630AA38-397B-42F0-A368-560D3F51887F}.Release|Any CPU.ActiveCfg = Release|Any CPU
		{FCD65874-8632-4C2E-97DF-265B08DC3497}.Debug|Any CPU.ActiveCfg = Debug|Any CPU
		{FCD65874-8632-4C2E-97DF-265B08DC3497}.Debug|Any CPU.Build.0 = Debug|Any CPU
		{FCD65874-8632-4C2E-97DF-265B08DC3497}.Release|Any CPU.ActiveCfg = Release|Any CPU
		{FCD65874-8632-4C2E-97DF-265B08DC3497}.Release|Any CPU.Build.0 = Release|Any CPU
		{7A930C25-82B8-4645-AE34-D174850C2F8D}.Debug|Any CPU.ActiveCfg = Debug|Any CPU
		{7A930C25-82B8-4645-AE34-D174850C2F8D}.Debug|Any CPU.Build.0 = Debug|Any CPU
		{7A930C25-82B8-4645-AE34-D174850C2F8D}.Release|Any CPU.ActiveCfg = Release|Any CPU
		{7A930C25-82B8-4645-AE34-D174850C2F8D}.Release|Any CPU.Build.0 = Release|Any CPU
		{EE60EAF8-B121-46E6-A9DA-44EA6EA95062}.Debug|Any CPU.ActiveCfg = Debug|Any CPU
		{EE60EAF8-B121-46E6-A9DA-44EA6EA95062}.Debug|Any CPU.Build.0 = Debug|Any CPU
		{EE60EAF8-B121-46E6-A9DA-44EA6EA95062}.Release|Any CPU.ActiveCfg = Release|Any CPU
		{EE60EAF8-B121-46E6-A9DA-44EA6EA95062}.Release|Any CPU.Build.0 = Release|Any CPU
		{104E8680-BD85-4FE6-AD62-FCD3BD72FC42}.Debug|Any CPU.ActiveCfg = Debug|Any CPU
		{104E8680-BD85-4FE6-AD62-FCD3BD72FC42}.Debug|Any CPU.Build.0 = Debug|Any CPU
		{104E8680-BD85-4FE6-AD62-FCD3BD72FC42}.Release|Any CPU.ActiveCfg = Release|Any CPU
		{104E8680-BD85-4FE6-AD62-FCD3BD72FC42}.Release|Any CPU.Build.0 = Release|Any CPU
		{209FB297-E5FF-4AD1-B5F4-98FF0E6BB928}.Debug|Any CPU.ActiveCfg = Debug|Any CPU
		{209FB297-E5FF-4AD1-B5F4-98FF0E6BB928}.Debug|Any CPU.Build.0 = Debug|Any CPU
		{209FB297-E5FF-4AD1-B5F4-98FF0E6BB928}.Release|Any CPU.ActiveCfg = Release|Any CPU
		{209FB297-E5FF-4AD1-B5F4-98FF0E6BB928}.Release|Any CPU.Build.0 = Release|Any CPU
	EndGlobalSection
	GlobalSection(SolutionProperties) = preSolution
		HideSolutionNode = FALSE
	EndGlobalSection
	GlobalSection(ExtensibilityGlobals) = postSolution
		SolutionGuid = {B0E0FA3F-FE4C-4F77-9CFF-BC72B456C4F7}
	EndGlobalSection
EndGlobal
